
Microsoft Visual Studio Solution File, Format Version 12.00
# Visual Studio Version 17
VisualStudioVersion = 17.0.32126.317
MinimumVisualStudioVersion = 10.0.40219.1
Project("{FAE04EC0-301F-11D3-BF4B-00C04F79EFBC}") = "ConsoleApp3", "ConsoleApp3\ConsoleApp3.csproj", "{28309D7D-CE11-4A36-9661-7008A959C8A4}"
EndProject
Global
	GlobalSection(SolutionConfigurationPlatforms) = preSolution
		Debug|Any CPU = Debug|Any CPU
		Release|Any CPU = Release|Any CPU
	EndGlobalSection
	GlobalSection(ProjectConfigurationPlatforms) = postSolution
		{28309D7D-CE11-4A36-9661-7008A959C8A4}.Debug|Any CPU.ActiveCfg = Debug|Any CPU
		{28309D7D-CE11-4A36-9661-7008A959C8A4}.Debug|Any CPU.Build.0 = Debug|Any CPU
		{28309D7D-CE11-4A36-9661-7008A959C8A4}.Release|Any CPU.ActiveCfg = Release|Any CPU
		{28309D7D-CE11-4A36-9661-7008A959C8A4}.Release|Any CPU.Build.0 = Release|Any CPU
	EndGlobalSection
	GlobalSection(SolutionProperties) = preSolution
		HideSolutionNode = FALSE
	EndGlobalSection
	GlobalSection(ExtensibilityGlobals) = postSolution
		SolutionGuid = {1417396F-8F13-4305-B96D-6910566F0D15}
	EndGlobalSection
EndGlobal
